{
  "name": "deposcalc",
  "version": "1.0.0",
  "lockfileVersion": 2,
  "requires": true,
  "packages": {
    "": {
      "name": "deposcalc",
      "version": "1.0.0",
      "license": "ISC",
      "dependencies": {
        "air-datepicker": "^3.1.1",
        "jquery": "^3.6.0",
        "jquery-html5-validity": "^1.1.2",
        "jquery-validation": "^1.19.3"
      }
    },
    "node_modules/air-datepicker": {
      "version": "3.1.1",
      "resolved": "https://registry.npmjs.org/air-datepicker/-/air-datepicker-3.1.1.tgz",
      "integrity": "sha512-QIAwwgMa/leffhWj4Oegt+ReKDZy2li35glWjp3pJLCnWCh5fGS6dWINwztY42J7KhXSm7M33jXWl24tpP/h5A=="
    },
    "node_modules/jquery": {
      "version": "3.6.0",
      "resolved": "https://registry.npmjs.org/jquery/-/jquery-3.6.0.tgz",
      "integrity": "sha512-JVzAR/AjBvVt2BmYhxRCSYysDsPcssdmTFnzyLEts9qNwmjmu4JTAMYubEfwVOSwpQ1I1sKKFcxhZCI2buerfw=="
    },
    "node_modules/jquery-validation": {
      "version": "1.19.3",
      "resolved": "https://registry.npmjs.org/jquery-validation/-/jquery-validation-1.19.3.tgz",
      "integrity": "sha512-iXxCS5W7STthSTMFX/NDZfWHBLbJ1behVK3eAgHXAV8/0vRa9M4tiqHvJMr39VGWHMGdlkhrtrkBuaL2UlE8yw==",
      "peerDependencies": {
        "jquery": "^1.7 || ^2.0 || ^3.1"
      }
    }
  },
  "dependencies": {
    "air-datepicker": {
      "version": "3.1.1",
      "resolved": "https://registry.npmjs.org/air-datepicker/-/air-datepicker-3.1.1.tgz",
      "integrity": "sha512-QIAwwgMa/leffhWj4Oegt+ReKDZy2li35glWjp3pJLCnWCh5fGS6dWINwztY42J7KhXSm7M33jXWl24tpP/h5A=="
    },
    "jquery": {
      "version": "3.6.0",
      "resolved": "https://registry.npmjs.org/jquery/-/jquery-3.6.0.tgz",
      "integrity": "sha512-JVzAR/AjBvVt2BmYhxRCSYysDsPcssdmTFnzyLEts9qNwmjmu4JTAMYubEfwVOSwpQ1I1sKKFcxhZCI2buerfw=="
    },
    "jquery-validation": {
      "version": "1.19.3",
      "resolved": "https://registry.npmjs.org/jquery-validation/-/jquery-validation-1.19.3.tgz",
      "integrity": "sha512-iXxCS5W7STthSTMFX/NDZfWHBLbJ1behVK3eAgHXAV8/0vRa9M4tiqHvJMr39VGWHMGdlkhrtrkBuaL2UlE8yw==",
      "requires": {}
    }
  }
}
